Microsoft Visual Studio Solution File, Format Version 12.00
# Visual Studio Version 17
VisualStudioVersion = 17.0.31611.283
MinimumVisualStudioVersion = 10.0.40219.1
Project("{9A19103F-16F7-4668-BE54-9A1E7A4F7556}") = "KpkMobileAgent", "KpkMobileAgent.csproj", "{9D31A3CC-D8E7-4374-A8A8-D54C986B76F9}"
EndProject
Project("{FAE04EC0-301F-11D3-BF4B-00C04F79EFBC}") = "KpkBlazor.Server", "..\KpkBlazor\Server\KpkBlazor.Server.csproj", "{FD798229-C7E6-46C5-A832-F389F475E775}"
EndProject
Project("{FAE04EC0-301F-11D3-BF4B-00C04F79EFBC}") = "KpkBlazor.Client", "..\KpkBlazor\Client\KpkBlazor.Client.csproj", "{F9240D8C-8343-4A7C-A653-19CD5FB1BC44}"
EndProject
Project("{FAE04EC0-301F-11D3-BF4B-00C04F79EFBC}") = "KpkBlazor.Shared", "..\KpkBlazor\Shared\KpkBlazor.Shared.csproj", "{CAC583C7-BAD2-4ADB-9AA1-89246FAF3DBB}"
EndProject
Global
	GlobalSection(SolutionConfigurationPlatforms) = preSolution
		Debug|Any CPU = Debug|Any CPU
		Release|Any CPU = Release|Any CPU
	EndGlobalSection
	GlobalSection(ProjectConfigurationPlatforms) = postSolution
		{9D31A3CC-D8E7-4374-A8A8-D54C986B76F9}.Debug|Any CPU.ActiveCfg = Debug|Any CPU
		{9D31A3CC-D8E7-4374-A8A8-D54C986B76F9}.Debug|Any CPU.Build.0 = Debug|Any CPU
		{9D31A3CC-D8E7-4374-A8A8-D54C986B76F9}.Debug|Any CPU.Deploy.0 = Debug|Any CPU
		{9D31A3CC-D8E7-4374-A8A8-D54C986B76F9}.Release|Any CPU.ActiveCfg = Release|Any CPU
		{9D31A3CC-D8E7-4374-A8A8-D54C986B76F9}.Release|Any CPU.Build.0 = Release|Any CPU
		{9D31A3CC-D8E7-4374-A8A8-D54C986B76F9}.Release|Any CPU.Deploy.0 = Release|Any CPU
		{FD798229-C7E6-46C5-A832-F389F475E775}.Debug|Any CPU.ActiveCfg = Debug|Any CPU
		{FD798229-C7E6-46C5-A832-F389F475E775}.Debug|Any CPU.Build.0 = Debug|Any CPU
		{FD798229-C7E6-46C5-A832-F389F475E775}.Release|Any CPU.ActiveCfg = Release|Any CPU
		{FD798229-C7E6-46C5-A832-F389F475E775}.Release|Any CPU.Build.0 = Release|Any CPU
		{F9240D8C-8343-4A7C-A653-19CD5FB1BC44}.Debug|Any CPU.ActiveCfg = Debug|Any CPU
		{F9240D8C-8343-4A7C-A653-19CD5FB1BC44}.Debug|Any CPU.Build.0 = Debug|Any CPU
		{F9240D8C-8343-4A7C-A653-19CD5FB1BC44}.Release|Any CPU.ActiveCfg = Release|Any CPU
		{F9240D8C-8343-4A7C-A653-19CD5FB1BC44}.Release|Any CPU.Build.0 = Release|Any CPU
		{CAC583C7-BAD2-4ADB-9AA1-89246FAF3DBB}.Debug|Any CPU.ActiveCfg = Debug|Any CPU
		{CAC583C7-BAD2-4ADB-9AA1-89246FAF3DBB}.Debug|Any CPU.Build.0 = Debug|Any CPU
		{CAC583C7-BAD2-4ADB-9AA1-89246FAF3DBB}.Release|Any CPU.ActiveCfg = Release|Any CPU
		{CAC583C7-BAD2-4ADB-9AA1-89246FAF3DBB}.Release|Any CPU.Build.0 = Release|Any CPU
	EndGlobalSection
	GlobalSection(SolutionProperties) = preSolution
		HideSolutionNode = FALSE
	EndGlobalSection
	GlobalSection(ExtensibilityGlobals) = postSolution
		SolutionGuid = {61F7FB11-1E47-470C-91E2-47F8143E1572}
	EndGlobalSection
EndGlobal
